
Microsoft Visual Studio Solution File, Format Version 12.00
# Visual Studio Version 17
VisualStudioVersion = 17.5.33530.505
MinimumVisualStudioVersion = 10.0.40219.1
Project("{9A19103F-16F7-4668-BE54-9A1E7A4F7556}") = "Algorithm", "Algorithm\Algorithm.csproj", "{D1F106E4-BB15-4850-B4A1-59BC150AE887}"
EndProject
Project("{9A19103F-16F7-4668-BE54-9A1E7A4F7556}") = "01. List", "01. List\01. List.csproj", "{CA6A2D0F-8148-4F9D-AE6F-6E41992C48AF}"
EndProject
Project("{9A19103F-16F7-4668-BE54-9A1E7A4F7556}") = "Inventory", "Inventory\Inventory.csproj", "{FED215A1-AAED-4024-A573-998137C4C14F}"
EndProject
Project("{9A19103F-16F7-4668-BE54-9A1E7A4F7556}") = "02. LinkedList", "02. LinkedList\02. LinkedList.csproj", "{11C1941A-5FB7-4A3F-86D2-AB66C9687B0D}"
EndProject
Project("{9A19103F-16F7-4668-BE54-9A1E7A4F7556}") = "Race", "Race\Race.csproj", "{EF593588-A477-4D52-A5E8-B40A85CE583E}"
EndProject
Project("{9A19103F-16F7-4668-BE54-9A1E7A4F7556}") = "04. Stack", "04. Stack\04. Stack.csproj", "{23D87F2E-995E-47DB-8295-5456EDC06958}"
EndProject
Project("{9A19103F-16F7-4668-BE54-9A1E7A4F7556}") = "05. Queue", "05. Queue\05. Queue.csproj", "{70FBC1E7-F6D1-4984-9F3C-A4A3CC697724}"
EndProject
Project("{9A19103F-16F7-4668-BE54-9A1E7A4F7556}") = "Test16_1", "Test16_1\Test16_1.csproj", "{A7E2CFA0-9274-48FC-9FEB-9B51CB89C56A}"
EndProject
Project("{9A19103F-16F7-4668-BE54-9A1E7A4F7556}") = "06. Heap", "06. Heap\06. Heap.csproj", "{B46E6214-37E8-4FAE-90B8-55CAD008305A}"
EndProject
Project("{9A19103F-16F7-4668-BE54-9A1E7A4F7556}") = "07. PriorityQueue", "07. PriorityQueue\07. PriorityQueue.csproj", "{F4FCA721-7B4A-4494-A8E0-ADDC231B98E1}"
EndProject
Project("{9A19103F-16F7-4668-BE54-9A1E7A4F7556}") = "08. BinarySearchTree", "08. BinarySearchTree\08. BinarySearchTree.csproj", "{FE3633A1-4EA7-4CAC-976B-E2767732F3A5}"
EndProject
Project("{9A19103F-16F7-4668-BE54-9A1E7A4F7556}") = "09. Dictionary", "09. Dictionary\09. Dictionary.csproj", "{A9B95F92-3C17-4768-840D-251BCA2ECC7E}"
EndProject
Project("{9A19103F-16F7-4668-BE54-9A1E7A4F7556}") = "Test19_1", "Test19_1\Test19_1.csproj", "{B8028A10-A02F-43E7-9F58-525A3201A781}"
EndProject
Project("{FAE04EC0-301F-11D3-BF4B-00C04F79EFBC}") = "10. AlgorithmTechnic", "10. AlgorithmTechnic\10. AlgorithmTechnic.csproj", "{53B351F0-2B92-44FF-A6E0-2CD5A609F73A}"
EndProject
Project("{FAE04EC0-301F-11D3-BF4B-00C04F79EFBC}") = "Test20_1", "Test20_1\Test20_1.csproj", "{1A1FA216-3409-4E9A-B1E6-8279BBD6617B}"
EndProject
Global
	GlobalSection(SolutionConfigurationPlatforms) = preSolution
		Debug|Any CPU = Debug|Any CPU
		Release|Any CPU = Release|Any CPU
	EndGlobalSection
	GlobalSection(ProjectConfigurationPlatforms) = postSolution
		{D1F106E4-BB15-4850-B4A1-59BC150AE887}.Debug|Any CPU.ActiveCfg = Debug|Any CPU
		{D1F106E4-BB15-4850-B4A1-59BC150AE887}.Debug|Any CPU.Build.0 = Debug|Any CPU
		{D1F106E4-BB15-4850-B4A1-59BC150AE887}.Release|Any CPU.ActiveCfg = Release|Any CPU
		{D1F106E4-BB15-4850-B4A1-59BC150AE887}.Release|Any CPU.Build.0 = Release|Any CPU
		{CA6A2D0F-8148-4F9D-AE6F-6E41992C48AF}.Debug|Any CPU.ActiveCfg = Debug|Any CPU
		{CA6A2D0F-8148-4F9D-AE6F-6E41992C48AF}.Debug|Any CPU.Build.0 = Debug|Any CPU
		{CA6A2D0F-8148-4F9D-AE6F-6E41992C48AF}.Release|Any CPU.ActiveCfg = Release|Any CPU
		{CA6A2D0F-8148-4F9D-AE6F-6E41992C48AF}.Release|Any CPU.Build.0 = Release|Any CPU
		{FED215A1-AAED-4024-A573-998137C4C14F}.Debug|Any CPU.ActiveCfg = Debug|Any CPU
		{FED215A1-AAED-4024-A573-998137C4C14F}.Debug|Any CPU.Build.0 = Debug|Any CPU
		{FED215A1-AAED-4024-A573-998137C4C14F}.Release|Any CPU.ActiveCfg = Release|Any CPU
		{FED215A1-AAED-4024-A573-998137C4C14F}.Release|Any CPU.Build.0 = Release|Any CPU
		{11C1941A-5FB7-4A3F-86D2-AB66C9687B0D}.Debug|Any CPU.ActiveCfg = Debug|Any CPU
		{11C1941A-5FB7-4A3F-86D2-AB66C9687B0D}.Debug|Any CPU.Build.0 = Debug|Any CPU
		{11C1941A-5FB7-4A3F-86D2-AB66C9687B0D}.Release|Any CPU.ActiveCfg = Release|Any CPU
		{11C1941A-5FB7-4A3F-86D2-AB66C9687B0D}.Release|Any CPU.Build.0 = Release|Any CPU
		{EF593588-A477-4D52-A5E8-B40A85CE583E}.Debug|Any CPU.ActiveCfg = Debug|Any CPU
		{EF593588-A477-4D52-A5E8-B40A85CE583E}.Debug|Any CPU.Build.0 = Debug|Any CPU
		{EF593588-A477-4D52-A5E8-B40A85CE583E}.Release|Any CPU.ActiveCfg = Release|Any CPU
		{EF593588-A477-4D52-A5E8-B40A85CE583E}.Release|Any CPU.Build.0 = Release|Any CPU
		{23D87F2E-995E-47DB-8295-5456EDC06958}.Debug|Any CPU.ActiveCfg = Debug|Any CPU
		{23D87F2E-995E-47DB-8295-5456EDC06958}.Debug|Any CPU.Build.0 = Debug|Any CPU
		{23D87F2E-995E-47DB-8295-5456EDC06958}.Release|Any CPU.ActiveCfg = Release|Any CPU
		{23D87F2E-995E-47DB-8295-5456EDC06958}.Release|Any CPU.Build.0 = Release|Any CPU
		{70FBC1E7-F6D1-4984-9F3C-A4A3CC697724}.Debug|Any CPU.ActiveCfg = Debug|Any CPU
		{70FBC1E7-F6D1-4984-9F3C-A4A3CC697724}.Debug|Any CPU.Build.0 = Debug|Any CPU
		{70FBC1E7-F6D1-4984-9F3C-A4A3CC697724}.Release|Any CPU.ActiveCfg = Release|Any CPU
		{70FBC1E7-F6D1-4984-9F3C-A4A3CC697724}.Release|Any CPU.Build.0 = Release|Any CPU
		{A7E2CFA0-9274-48FC-9FEB-9B51CB89C56A}.Debug|Any CPU.ActiveCfg = Debug|Any CPU
		{A7E2CFA0-9274-48FC-9FEB-9B51CB89C56A}.Debug|Any CPU.Build.0 = Debug|Any CPU
		{A7E2CFA0-9274-48FC-9FEB-9B51CB89C56A}.Release|Any CPU.ActiveCfg = Release|Any CPU
		{A7E2CFA0-9274-48FC-9FEB-9B51CB89C56A}.Release|Any CPU.Build.0 = Release|Any CPU
		{B46E6214-37E8-4FAE-90B8-55CAD008305A}.Debug|Any CPU.ActiveCfg = Debug|Any CPU
		{B46E6214-37E8-4FAE-90B8-55CAD008305A}.Debug|Any CPU.Build.0 = Debug|Any CPU
		{B46E6214-37E8-4FAE-90B8-55CAD008305A}.Release|Any CPU.ActiveCfg = Release|Any CPU
		{B46E6214-37E8-4FAE-90B8-55CAD008305A}.Release|Any CPU.Build.0 = Release|Any CPU
		{F4FCA721-7B4A-4494-A8E0-ADDC231B98E1}.Debug|Any CPU.ActiveCfg = Debug|Any CPU
		{F4FCA721-7B4A-4494-A8E0-ADDC231B98E1}.Debug|Any CPU.Build.0 = Debug|Any CPU
		{F4FCA721-7B4A-4494-A8E0-ADDC231B98E1}.Release|Any CPU.ActiveCfg = Release|Any CPU
		{F4FCA721-7B4A-4494-A8E0-ADDC231B98E1}.Release|Any CPU.Build.0 = Release|Any CPU
		{FE3633A1-4EA7-4CAC-976B-E2767732F3A5}.Debug|Any CPU.ActiveCfg = Debug|Any CPU
		{FE3633A1-4EA7-4CAC-976B-E2767732F3A5}.Debug|Any CPU.Build.0 = Debug|Any CPU
		{FE3633A1-4EA7-4CAC-976B-E2767732F3A5}.Release|Any CPU.ActiveCfg = Release|Any CPU
		{FE3633A1-4EA7-4CAC-976B-E2767732F3A5}.Release|Any CPU.Build.0 = Release|Any CPU
		{A9B95F92-3C17-4768-840D-251BCA2ECC7E}.Debug|Any CPU.ActiveCfg = Debug|Any CPU
		{A9B95F92-3C17-4768-840D-251BCA2ECC7E}.Debug|Any CPU.Build.0 = Debug|Any CPU
		{A9B95F92-3C17-4768-840D-251BCA2ECC7E}.Release|Any CPU.ActiveCfg = Release|Any CPU
		{A9B95F92-3C17-4768-840D-251BCA2ECC7E}.Release|Any CPU.Build.0 = Release|Any CPU
		{B8028A10-A02F-43E7-9F58-525A3201A781}.Debug|Any CPU.ActiveCfg = Debug|Any CPU
		{B8028A10-A02F-43E7-9F58-525A3201A781}.Debug|Any CPU.Build.0 = Debug|Any CPU
		{B8028A10-A02F-43E7-9F58-525A3201A781}.Release|Any CPU.ActiveCfg = Release|Any CPU
		{B8028A10-A02F-43E7-9F58-525A3201A781}.Release|Any CPU.Build.0 = Release|Any CPU
		{53B351F0-2B92-44FF-A6E0-2CD5A609F73A}.Debug|Any CPU.ActiveCfg = Debug|Any CPU
		{53B351F0-2B92-44FF-A6E0-2CD5A609F73A}.Debug|Any CPU.Build.0 = Debug|Any CPU
		{53B351F0-2B92-44FF-A6E0-2CD5A609F73A}.Release|Any CPU.ActiveCfg = Release|Any CPU
		{53B351F0-2B92-44FF-A6E0-2CD5A609F73A}.Release|Any CPU.Build.0 = Release|Any CPU
		{1A1FA216-3409-4E9A-B1E6-8279BBD6617B}.Debug|Any CPU.ActiveCfg = Debug|Any CPU
		{1A1FA216-3409-4E9A-B1E6-8279BBD6617B}.Debug|Any CPU.Build.0 = Debug|Any CPU
		{1A1FA216-3409-4E9A-B1E6-8279BBD6617B}.Release|Any CPU.ActiveCfg = Release|Any CPU
		{1A1FA216-3409-4E9A-B1E6-8279BBD6617B}.Release|Any CPU.Build.0 = Release|Any CPU
	EndGlobalSection
	GlobalSection(SolutionProperties) = preSolution
		HideSolutionNode = FALSE
	EndGlobalSection
	GlobalSection(ExtensibilityGlobals) = postSolution
		SolutionGuid = {9E07733E-1C1B-4B2C-BC30-2F6196ECC0B9}
	EndGlobalSection
EndGlobal
